// !$*UTF8*$!
{
	archiveVersion = 1;
	classes = {
	};
	objectVersion = 46;
	objects = {
/* Begin PBXBuildFile section */
		0207DA581B56EA530066E2B4 /* Images.xcassets in Resources */ = {isa = PBXBuildFile; fileRef = 0207DA571B56EA530066E2B4 /* Images.xcassets */; };
		1D3623260D0F684500981E51 /* AppDelegate.m in Sources */ = {isa = PBXBuildFile; fileRef = 1D3623250D0F684500981E51 /* AppDelegate.m */; };
		1D60589B0D05DD56006BFB54 /* main.m in Sources */ = {isa = PBXBuildFile; fileRef = 29B97316FDCFA39411CA2CEA /* main.m */; };
		301BF552109A68D80062928A /* libCordova.a in Frameworks */ = {isa = PBXBuildFile; fileRef = 301BF535109A57CC0062928A /* libCordova.a */; };
		302D95F114D2391D003F00A1 /* MainViewController.m in Sources */ = {isa = PBXBuildFile; fileRef = 302D95EF14D2391D003F00A1 /* MainViewController.m */; };
		302D95F214D2391D003F00A1 /* MainViewController.xib in Resources */ = {isa = PBXBuildFile; fileRef = 302D95F014D2391D003F00A1 /* MainViewController.xib */; };
		3047A5121AB8059700498E2A /* build-debug.xcconfig in Resources */ = {isa = PBXBuildFile; fileRef = 3047A50F1AB8059700498E2A /* build-debug.xcconfig */; };
		3047A5131AB8059700498E2A /* build-release.xcconfig in Resources */ = {isa = PBXBuildFile; fileRef = 3047A5101AB8059700498E2A /* build-release.xcconfig */; };
		3047A5141AB8059700498E2A /* build.xcconfig in Resources */ = {isa = PBXBuildFile; fileRef = 3047A5111AB8059700498E2A /* build.xcconfig */; };
		6AFF5BF91D6E424B00AB3073 /* CDVLaunchScreen.storyboard in Resources */ = {isa = PBXBuildFile; fileRef = 6AFF5BF81D6E424B00AB3073 /* CDVLaunchScreen.storyboard */; };
		0016AEB97BD6463D8BEB65C0 /* CDVAppFeelReachability.m in Sources */ = {isa = PBXBuildFile; fileRef = E3F438DA8C184876AF7E7F31 /* CDVAppFeelReachability.m */; };
		2B0168E4E5BD4E86832130D2 /* AppFeelReachability.m in Sources */ = {isa = PBXBuildFile; fileRef = C154828ECEC94EB2A1088A47 /* AppFeelReachability.m */; };
		6449299393614E598A5E8178 /* SystemConfiguration.framework in Frameworks */ = {isa = PBXBuildFile; fileRef = 9A700A1C655C415AB26F664F /* SystemConfiguration.framework */; };
		582334BCA67940D6B69A977D /* GoogleMobileAds.framework in Frameworks */ = {isa = PBXBuildFile; fileRef = 03227CB3946E44C0B5BA842B /* GoogleMobileAds.framework */; };
		3E35B23ADD534342868BF5C0 /* CDVAdMobAds.m in Sources */ = {isa = PBXBuildFile; fileRef = 43D8FB6F37154ADDB3247065 /* CDVAdMobAds.m */; };
		508253EECC224DDFAF41D84D /* CDVAdMobAdsAdListener.m in Sources */ = {isa = PBXBuildFile; fileRef = F18057B149374D2A806F6EAD /* CDVAdMobAdsAdListener.m */; };
		151B0D4B6EBF442B88671CAA /* GoogleMobileAds.framework in Frameworks */ = {isa = PBXBuildFile; fileRef = 1E4B942DA393448FBE0EA156 /* GoogleMobileAds.framework */; };
		20341739280640569223E933 /* AdSupport.framework in Frameworks */ = {isa = PBXBuildFile; fileRef = 8B6493E1D5264180A09EE65A /* AdSupport.framework */; };
		F14E2F52D1E44C8C82EB6A75 /* AudioToolbox.framework in Frameworks */ = {isa = PBXBuildFile; fileRef = 57EC2D9249EE4185BE7C8728 /* AudioToolbox.framework */; };
		A6FCE1DAF61D45DB86AA4E31 /* AVFoundation.framework in Frameworks */ = {isa = PBXBuildFile; fileRef = 5DB73B610F8E4D8B9DEB45C1 /* AVFoundation.framework */; };
		EFBDD6A08D964177BF3D58E1 /* CoreBluetooth.framework in Frameworks */ = {isa = PBXBuildFile; fileRef = C6500895B8E041639E3EE8AD /* CoreBluetooth.framework */; };
		403B2C002E7A4032A2D07E15 /* CoreMedia.framework in Frameworks */ = {isa = PBXBuildFile; fileRef = 0C22A32AA4AA4CA2A34CE9FD /* CoreMedia.framework */; };
		A80CE2F825E4421AAB4C0235 /* CoreMotion.framework in Frameworks */ = {isa = PBXBuildFile; fileRef = 8BAE22100BA04738B34B2EB2 /* CoreMotion.framework */; };
		C597224F7CB94BD38079C14D /* CoreTelephony.framework in Frameworks */ = {isa = PBXBuildFile; fileRef = 4BE1350F04934459ADC4EA99 /* CoreTelephony.framework */; };
		5C2563D8CA2046159962A418 /* CoreVideo.framework in Frameworks */ = {isa = PBXBuildFile; fileRef = DC96C94EF39D453890DFEEE2 /* CoreVideo.framework */; };
		16AF77344FC148FCA7875935 /* EventKit.framework in Frameworks */ = {isa = PBXBuildFile; fileRef = 861A13C7C8B8409B9655D0A8 /* EventKit.framework */; };
		2815578DEFBD4210A29E179E /* EventKitUI.framework in Frameworks */ = {isa = PBXBuildFile; fileRef = C3C197D0802E4280A8603D3B /* EventKitUI.framework */; };
		2617883973254DF3ACBE482C /* Foundation.framework in Frameworks */ = {isa = PBXBuildFile; fileRef = DFB72E78017E4774991CE965 /* Foundation.framework */; };
		1DBC951C8D6B469A9A45C88A /* GLKit.framework in Frameworks */ = {isa = PBXBuildFile; fileRef = 2E8C7BF099C74FBEB2FB7C06 /* GLKit.framework */; };
		66EF05D044994E70902D6FFC /* MediaPlayer.framework in Frameworks */ = {isa = PBXBuildFile; fileRef = D3DACC7682FE489289BEB531 /* MediaPlayer.framework */; };
		51E9E47A25514BC5A80F860C /* MessageUI.framework in Frameworks */ = {isa = PBXBuildFile; fileRef = 005F79328ABA4FBC8E818BE9 /* MessageUI.framework */; };
		15BFEF253AA84DE79C03578E /* OpenGLES.framework in Frameworks */ = {isa = PBXBuildFile; fileRef = 9DB9DCDD33184C0299D31A5F /* OpenGLES.framework */; };
		9C4EA0EF27CE4BF38EB11DBE /* SafariServices.framework in Frameworks */ = {isa = PBXBuildFile; fileRef = 703F4A046CF74F49A2A728B0 /* SafariServices.framework */; };
		0869B770823B4A5D9DD28134 /* StoreKit.framework in Frameworks */ = {isa = PBXBuildFile; fileRef = 312EF52749AA4905BACD9D69 /* StoreKit.framework */; };
		3C5BAFF1BC5948E4993B315F /* UIKit.framework in Frameworks */ = {isa = PBXBuildFile; fileRef = 9977779D26D04C15899B67C9 /* UIKit.framework */; };
		2B2D56C4997A4F698834267B /* CDVAdMob.m in Sources */ = {isa = PBXBuildFile; fileRef = 3A472A6FF7304BA6A524D503 /* CDVAdMob.m */; };
		937CF8DE21644008A28BE463 /* CDVFile.m in Sources */ = {isa = PBXBuildFile; fileRef = C58C6C984F174791908CF54D /* CDVFile.m */; };
		004F7C6C514B40D8B95EB3A9 /* CDVLocalFilesystem.m in Sources */ = {isa = PBXBuildFile; fileRef = CC8E22FDD5BD4372ABD9CA8F /* CDVLocalFilesystem.m */; };
		E995C9342D3841C5B74F13F2 /* CDVAssetLibraryFilesystem.m in Sources */ = {isa = PBXBuildFile; fileRef = 3BE99EE1C60B45E59065A5CC /* CDVAssetLibraryFilesystem.m */; };
		255A3A5564F24113829A9C96 /* CDVSound.m in Sources */ = {isa = PBXBuildFile; fileRef = 4AB5D85C9D954C2EBE035A96 /* CDVSound.m */; };
		87BA25E4E154421EB3C79E9C /* NativeAudio.m in Sources */ = {isa = PBXBuildFile; fileRef = 4E56B3D58B0A43AEB1180A4C /* NativeAudio.m */; };
		906A56872C01491F8E0D2A9D /* NativeAudioAsset.m in Sources */ = {isa = PBXBuildFile; fileRef = E9E8AB68369F44AE90CEDF48 /* NativeAudioAsset.m */; };
		A35ED3FAB57B490F9465B979 /* CDVLogger.m in Sources */ = {isa = PBXBuildFile; fileRef = 5C3F7EFE71804469A6078826 /* CDVLogger.m */; };
		CF262A6B0B5D4A0388E747B8 /* CDVDevice.m in Sources */ = {isa = PBXBuildFile; fileRef = BA8496B7D0324662ABFFAA81 /* CDVDevice.m */; };
/* End PBXBuildFile section */

/* Begin PBXContainerItemProxy section */
		301BF534109A57CC0062928A /* PBXContainerItemProxy */ = {
			isa = PBXContainerItemProxy;
			containerPortal = 301BF52D109A57CC0062928A /* CordovaLib.xcodeproj */;
			proxyType = 2;
			remoteGlobalIDString = D2AAC07E0554694100DB518D;
			remoteInfo = CordovaLib;
		};
		301BF550109A68C00062928A /* PBXContainerItemProxy */ = {
			isa = PBXContainerItemProxy;
			containerPortal = 301BF52D109A57CC0062928A /* CordovaLib.xcodeproj */;
			proxyType = 1;
			remoteGlobalIDString = D2AAC07D0554694100DB518D;
			remoteInfo = CordovaLib;
		};
/* End PBXContainerItemProxy section */

/* Begin PBXFileReference section */
		0207DA571B56EA530066E2B4 /* Images.xcassets */ = {isa = PBXFileReference; lastKnownFileType = folder.assetcatalog; name = Images.xcassets; path = "Shark Attack/Images.xcassets"; sourceTree = SOURCE_ROOT; };
		1D3623240D0F684500981E51 /* AppDelegate.h */ = {isa = PBXFileReference; fileEncoding = 4; lastKnownFileType = sourcecode.c.h; path = AppDelegate.h; sourceTree = "<group>"; };
		1D3623250D0F684500981E51 /* AppDelegate.m */ = {isa = PBXFileReference; fileEncoding = 4; lastKnownFileType = sourcecode.c.objc; path = AppDelegate.m; sourceTree = "<group>"; };
		1D6058910D05DD3D006BFB54 /* Shark Attack.app */ = {isa = PBXFileReference; explicitFileType = wrapper.application; includeInIndex = 0; path = "Shark Attack.app"; sourceTree = BUILT_PRODUCTS_DIR; };
		29B97316FDCFA39411CA2CEA /* main.m */ = {isa = PBXFileReference; fileEncoding = 4; lastKnownFileType = sourcecode.c.objc; path = main.m; sourceTree = "<group>"; };
		301BF52D109A57CC0062928A /* CordovaLib.xcodeproj */ = {isa = PBXFileReference; lastKnownFileType = "wrapper.pb-project"; path = CordovaLib/CordovaLib.xcodeproj; sourceTree = "<group>"; };
		301BF56E109A69640062928A /* www */ = {isa = PBXFileReference; lastKnownFileType = folder; path = www; sourceTree = SOURCE_ROOT; };
		302D95EE14D2391D003F00A1 /* MainViewController.h */ = {isa = PBXFileReference; fileEncoding = 4; lastKnownFileType = sourcecode.c.h; path = MainViewController.h; sourceTree = "<group>"; };
		302D95EF14D2391D003F00A1 /* MainViewController.m */ = {isa = PBXFileReference; fileEncoding = 4; lastKnownFileType = sourcecode.c.objc; path = MainViewController.m; sourceTree = "<group>"; };
		302D95F014D2391D003F00A1 /* MainViewController.xib */ = {isa = PBXFileReference; fileEncoding = 4; lastKnownFileType = file.xib; path = MainViewController.xib; sourceTree = "<group>"; };
		3047A50F1AB8059700498E2A /* build-debug.xcconfig */ = {isa = PBXFileReference; fileEncoding = 4; lastKnownFileType = text.xcconfig; name = "build-debug.xcconfig"; path = cordova/build-debug.xcconfig; sourceTree = SOURCE_ROOT; };
		3047A5101AB8059700498E2A /* build-release.xcconfig */ = {isa = PBXFileReference; fileEncoding = 4; lastKnownFileType = text.xcconfig; name = "build-release.xcconfig"; path = cordova/build-release.xcconfig; sourceTree = SOURCE_ROOT; };
		3047A5111AB8059700498E2A /* build.xcconfig */ = {isa = PBXFileReference; fileEncoding = 4; lastKnownFileType = text.xcconfig; name = build.xcconfig; path = cordova/build.xcconfig; sourceTree = SOURCE_ROOT; };
		32CA4F630368D1EE00C91783 /* Shark Attack-Prefix.pch */ = {isa = PBXFileReference; fileEncoding = 4; lastKnownFileType = sourcecode.c.h; path = "Shark Attack-Prefix.pch"; sourceTree = "<group>"; };
		6AFF5BF81D6E424B00AB3073 /* CDVLaunchScreen.storyboard */ = {isa = PBXFileReference; fileEncoding = 4; lastKnownFileType = file.storyboard; name = CDVLaunchScreen.storyboard; path = "Shark Attack/CDVLaunchScreen.storyboard"; sourceTree = SOURCE_ROOT; };
		8D1107310486CEB800E47090 /* Shark Attack-Info.plist */ = {isa = PBXFileReference; fileEncoding = 4; lastKnownFileType = text.plist.xml; name = "Shark Attack-Info.plist"; path = "Shark Attack/Shark Attack-Info.plist"; plistStructureDefinitionIdentifier = "com.apple.xcode.plist.structure-definition.iphone.info-plist"; sourceTree = SOURCE_ROOT; };
		EB87FDF31871DA8E0020F90C /* www */ = {isa = PBXFileReference; lastKnownFileType = folder; name = www; path = ../../www; sourceTree = "<group>"; };
		EB87FDF41871DAF40020F90C /* config.xml */ = {isa = PBXFileReference; lastKnownFileType = text.xml; name = config.xml; path = ../../config.xml; sourceTree = "<group>"; };
		F840E1F0165FE0F500CFE078 /* config.xml */ = {isa = PBXFileReference; lastKnownFileType = text.xml; name = config.xml; path = "Shark Attack/config.xml"; sourceTree = "<group>"; };
		ED33DF2A687741AEAF9F8254 /* Bridging-Header.h */ = {isa = PBXFileReference; fileEncoding = 4; lastKnownFileType = sourcecode.c.h; name = "Bridging-Header.h"; path = "Bridging-Header.h"; sourceTree = "<group>"; };
		E3F438DA8C184876AF7E7F31 /* CDVAppFeelReachability.m */ = {isa = PBXFileReference; name = "CDVAppFeelReachability.m"; path = "cordova-connectivity-monitor/CDVAppFeelReachability.m"; sourceTree = "<group>"; fileEncoding = 4; lastKnownFileType = sourcecode.c.objc; explicitFileType = undefined; includeInIndex = 0; };
		C154828ECEC94EB2A1088A47 /* AppFeelReachability.m */ = {isa = PBXFileReference; name = "AppFeelReachability.m"; path = "cordova-connectivity-monitor/AppFeelReachability.m"; sourceTree = "<group>"; fileEncoding = 4; lastKnownFileType = sourcecode.c.objc; explicitFileType = undefined; includeInIndex = 0; };
		9F3C94D30AA6424F8D0C1409 /* CDVAppFeelReachability.h */ = {isa = PBXFileReference; name = "CDVAppFeelReachability.h"; path = "cordova-connectivity-monitor/CDVAppFeelReachability.h"; sourceTree = "<group>"; fileEncoding = 4; lastKnownFileType = sourcecode.c.h; explicitFileType = undefined; includeInIndex = 0; };
		E04DDD22599E4962999E4562 /* AppFeelReachability.h */ = {isa = PBXFileReference; name = "AppFeelReachability.h"; path = "cordova-connectivity-monitor/AppFeelReachability.h"; sourceTree = "<group>"; fileEncoding = 4; lastKnownFileType = sourcecode.c.h; explicitFileType = undefined; includeInIndex = 0; };
		9A700A1C655C415AB26F664F /* SystemConfiguration.framework */ = {isa = PBXFileReference; name = "SystemConfiguration.framework"; path = "System/Library/Frameworks/SystemConfiguration.framework"; sourceTree = SDKROOT; fileEncoding = undefined; lastKnownFileType = wrapper.framework; explicitFileType = undefined; includeInIndex = 0; };
		03227CB3946E44C0B5BA842B /* GoogleMobileAds.framework */ = {isa = PBXFileReference; name = "GoogleMobileAds.framework"; path = "Shark Attack/Plugins/cordova-libgoogleadmobads/GoogleMobileAds.framework"; sourceTree = "<group>"; fileEncoding = undefined; lastKnownFileType = wrapper.framework; explicitFileType = undefined; includeInIndex = 0; };
		43D8FB6F37154ADDB3247065 /* CDVAdMobAds.m */ = {isa = PBXFileReference; name = "CDVAdMobAds.m"; path = "cordova-admob/CDVAdMobAds.m"; sourceTree = "<group>"; fileEncoding = 4; lastKnownFileType = sourcecode.c.objc; explicitFileType = undefined; includeInIndex = 0; };
		F18057B149374D2A806F6EAD /* CDVAdMobAdsAdListener.m */ = {isa = PBXFileReference; name = "CDVAdMobAdsAdListener.m"; path = "cordova-admob/CDVAdMobAdsAdListener.m"; sourceTree = "<group>"; fileEncoding = 4; lastKnownFileType = sourcecode.c.objc; explicitFileType = undefined; includeInIndex = 0; };
		08BF95B27953463696974493 /* CDVAdMobAds.h */ = {isa = PBXFileReference; name = "CDVAdMobAds.h"; path = "cordova-admob/CDVAdMobAds.h"; sourceTree = "<group>"; fileEncoding = 4; lastKnownFileType = sourcecode.c.h; explicitFileType = undefined; includeInIndex = 0; };
		4AB691ADAB87466FA021CAA1 /* CDVAdMobAdsAdListener.h */ = {isa = PBXFileReference; name = "CDVAdMobAdsAdListener.h"; path = "cordova-admob/CDVAdMobAdsAdListener.h"; sourceTree = "<group>"; fileEncoding = 4; lastKnownFileType = sourcecode.c.h; explicitFileType = undefined; includeInIndex = 0; };
		1E4B942DA393448FBE0EA156 /* GoogleMobileAds.framework */ = {isa = PBXFileReference; name = "GoogleMobileAds.framework"; path = "Shark Attack/Plugins/cordova-admob-sdklibs/GoogleMobileAds.framework"; sourceTree = "<group>"; fileEncoding = undefined; lastKnownFileType = wrapper.framework; explicitFileType = undefined; includeInIndex = 0; };
		8B6493E1D5264180A09EE65A /* AdSupport.framework */ = {isa = PBXFileReference; name = "AdSupport.framework"; path = "System/Library/Frameworks/AdSupport.framework"; sourceTree = SDKROOT; fileEncoding = undefined; lastKnownFileType = wrapper.framework; explicitFileType = undefined; includeInIndex = 0; };
		57EC2D9249EE4185BE7C8728 /* AudioToolbox.framework */ = {isa = PBXFileReference; name = "AudioToolbox.framework"; path = "System/Library/Frameworks/AudioToolbox.framework"; sourceTree = SDKROOT; fileEncoding = undefined; lastKnownFileType = wrapper.framework; explicitFileType = undefined; includeInIndex = 0; };
		5DB73B610F8E4D8B9DEB45C1 /* AVFoundation.framework */ = {isa = PBXFileReference; name = "AVFoundation.framework"; path = "System/Library/Frameworks/AVFoundation.framework"; sourceTree = SDKROOT; fileEncoding = undefined; lastKnownFileType = wrapper.framework; explicitFileType = undefined; includeInIndex = 0; };
		C6500895B8E041639E3EE8AD /* CoreBluetooth.framework */ = {isa = PBXFileReference; name = "CoreBluetooth.framework"; path = "System/Library/Frameworks/CoreBluetooth.framework"; sourceTree = SDKROOT; fileEncoding = undefined; lastKnownFileType = wrapper.framework; explicitFileType = undefined; includeInIndex = 0; };
		0C22A32AA4AA4CA2A34CE9FD /* CoreMedia.framework */ = {isa = PBXFileReference; name = "CoreMedia.framework"; path = "System/Library/Frameworks/CoreMedia.framework"; sourceTree = SDKROOT; fileEncoding = undefined; lastKnownFileType = wrapper.framework; explicitFileType = undefined; includeInIndex = 0; };
		8BAE22100BA04738B34B2EB2 /* CoreMotion.framework */ = {isa = PBXFileReference; name = "CoreMotion.framework"; path = "System/Library/Frameworks/CoreMotion.framework"; sourceTree = SDKROOT; fileEncoding = undefined; lastKnownFileType = wrapper.framework; explicitFileType = undefined; includeInIndex = 0; };
		4BE1350F04934459ADC4EA99 /* CoreTelephony.framework */ = {isa = PBXFileReference; name = "CoreTelephony.framework"; path = "System/Library/Frameworks/CoreTelephony.framework"; sourceTree = SDKROOT; fileEncoding = undefined; lastKnownFileType = wrapper.framework; explicitFileType = undefined; includeInIndex = 0; };
		DC96C94EF39D453890DFEEE2 /* CoreVideo.framework */ = {isa = PBXFileReference; name = "CoreVideo.framework"; path = "System/Library/Frameworks/CoreVideo.framework"; sourceTree = SDKROOT; fileEncoding = undefined; lastKnownFileType = wrapper.framework; explicitFileType = undefined; includeInIndex = 0; };
		861A13C7C8B8409B9655D0A8 /* EventKit.framework */ = {isa = PBXFileReference; name = "EventKit.framework"; path = "System/Library/Frameworks/EventKit.framework"; sourceTree = SDKROOT; fileEncoding = undefined; lastKnownFileType = wrapper.framework; explicitFileType = undefined; includeInIndex = 0; };
		C3C197D0802E4280A8603D3B /* EventKitUI.framework */ = {isa = PBXFileReference; name = "EventKitUI.framework"; path = "System/Library/Frameworks/EventKitUI.framework"; sourceTree = SDKROOT; fileEncoding = undefined; lastKnownFileType = wrapper.framework; explicitFileType = undefined; includeInIndex = 0; };
		DFB72E78017E4774991CE965 /* Foundation.framework */ = {isa = PBXFileReference; name = "Foundation.framework"; path = "System/Library/Frameworks/Foundation.framework"; sourceTree = SDKROOT; fileEncoding = undefined; lastKnownFileType = wrapper.framework; explicitFileType = undefined; includeInIndex = 0; };
		2E8C7BF099C74FBEB2FB7C06 /* GLKit.framework */ = {isa = PBXFileReference; name = "GLKit.framework"; path = "System/Library/Frameworks/GLKit.framework"; sourceTree = SDKROOT; fileEncoding = undefined; lastKnownFileType = wrapper.framework; explicitFileType = undefined; includeInIndex = 0; };
		D3DACC7682FE489289BEB531 /* MediaPlayer.framework */ = {isa = PBXFileReference; name = "MediaPlayer.framework"; path = "System/Library/Frameworks/MediaPlayer.framework"; sourceTree = SDKROOT; fileEncoding = undefined; lastKnownFileType = wrapper.framework; explicitFileType = undefined; includeInIndex = 0; };
		005F79328ABA4FBC8E818BE9 /* MessageUI.framework */ = {isa = PBXFileReference; name = "MessageUI.framework"; path = "System/Library/Frameworks/MessageUI.framework"; sourceTree = SDKROOT; fileEncoding = undefined; lastKnownFileType = wrapper.framework; explicitFileType = undefined; includeInIndex = 0; };
		9DB9DCDD33184C0299D31A5F /* OpenGLES.framework */ = {isa = PBXFileReference; name = "OpenGLES.framework"; path = "System/Library/Frameworks/OpenGLES.framework"; sourceTree = SDKROOT; fileEncoding = undefined; lastKnownFileType = wrapper.framework; explicitFileType = undefined; includeInIndex = 0; };
		703F4A046CF74F49A2A728B0 /* SafariServices.framework */ = {isa = PBXFileReference; name = "SafariServices.framework"; path = "System/Library/Frameworks/SafariServices.framework"; sourceTree = SDKROOT; fileEncoding = undefined; lastKnownFileType = wrapper.framework; explicitFileType = undefined; includeInIndex = 0; };
		312EF52749AA4905BACD9D69 /* StoreKit.framework */ = {isa = PBXFileReference; name = "StoreKit.framework"; path = "System/Library/Frameworks/StoreKit.framework"; sourceTree = SDKROOT; fileEncoding = undefined; lastKnownFileType = wrapper.framework; explicitFileType = undefined; includeInIndex = 0; };
		9977779D26D04C15899B67C9 /* UIKit.framework */ = {isa = PBXFileReference; name = "UIKit.framework"; path = "System/Library/Frameworks/UIKit.framework"; sourceTree = SDKROOT; fileEncoding = undefined; lastKnownFileType = wrapper.framework; explicitFileType = undefined; includeInIndex = 0; };
		3A472A6FF7304BA6A524D503 /* CDVAdMob.m */ = {isa = PBXFileReference; name = "CDVAdMob.m"; path = "cordova-plugin-admob-simple/CDVAdMob.m"; sourceTree = "<group>"; fileEncoding = 4; lastKnownFileType = sourcecode.c.objc; explicitFileType = undefined; includeInIndex = 0; };
		506266B32C8B408CA34BB5E9 /* CDVAdMob.h */ = {isa = PBXFileReference; name = "CDVAdMob.h"; path = "cordova-plugin-admob-simple/CDVAdMob.h"; sourceTree = "<group>"; fileEncoding = 4; lastKnownFileType = sourcecode.c.h; explicitFileType = undefined; includeInIndex = 0; };
		C58C6C984F174791908CF54D /* CDVFile.m */ = {isa = PBXFileReference; name = "CDVFile.m"; path = "cordova-plugin-file/CDVFile.m"; sourceTree = "<group>"; fileEncoding = 4; lastKnownFileType = sourcecode.c.objc; explicitFileType = undefined; includeInIndex = 0; };
		CC8E22FDD5BD4372ABD9CA8F /* CDVLocalFilesystem.m */ = {isa = PBXFileReference; name = "CDVLocalFilesystem.m"; path = "cordova-plugin-file/CDVLocalFilesystem.m"; sourceTree = "<group>"; fileEncoding = 4; lastKnownFileType = sourcecode.c.objc; explicitFileType = undefined; includeInIndex = 0; };
		3BE99EE1C60B45E59065A5CC /* CDVAssetLibraryFilesystem.m */ = {isa = PBXFileReference; name = "CDVAssetLibraryFilesystem.m"; path = "cordova-plugin-file/CDVAssetLibraryFilesystem.m"; sourceTree = "<group>"; fileEncoding = 4; lastKnownFileType = sourcecode.c.objc; explicitFileType = undefined; includeInIndex = 0; };
		DEAFA6323C054C21A1BFC4A8 /* CDVFile.h */ = {isa = PBXFileReference; name = "CDVFile.h"; path = "cordova-plugin-file/CDVFile.h"; sourceTree = "<group>"; fileEncoding = 4; lastKnownFileType = sourcecode.c.h; explicitFileType = undefined; includeInIndex = 0; };
		8C24A82F6B764F6983AEDE92 /* CDVLocalFilesystem.h */ = {isa = PBXFileReference; name = "CDVLocalFilesystem.h"; path = "cordova-plugin-file/CDVLocalFilesystem.h"; sourceTree = "<group>"; fileEncoding = 4; lastKnownFileType = sourcecode.c.h; explicitFileType = undefined; includeInIndex = 0; };
		07190137FE804ECFA5D7BA47 /* CDVAssetLibraryFilesystem.h */ = {isa = PBXFileReference; name = "CDVAssetLibraryFilesystem.h"; path = "cordova-plugin-file/CDVAssetLibraryFilesystem.h"; sourceTree = "<group>"; fileEncoding = 4; lastKnownFileType = sourcecode.c.h; explicitFileType = undefined; includeInIndex = 0; };
		4AB5D85C9D954C2EBE035A96 /* CDVSound.m */ = {isa = PBXFileReference; name = "CDVSound.m"; path = "cordova-plugin-media/CDVSound.m"; sourceTree = "<group>"; fileEncoding = 4; lastKnownFileType = sourcecode.c.objc; explicitFileType = undefined; includeInIndex = 0; };
		ABA6B11D08124EBE95128E98 /* CDVSound.h */ = {isa = PBXFileReference; name = "CDVSound.h"; path = "cordova-plugin-media/CDVSound.h"; sourceTree = "<group>"; fileEncoding = 4; lastKnownFileType = sourcecode.c.h; explicitFileType = undefined; includeInIndex = 0; };
		4E56B3D58B0A43AEB1180A4C /* NativeAudio.m */ = {isa = PBXFileReference; name = "NativeAudio.m"; path = "cordova-plugin-nativeaudio/NativeAudio.m"; sourceTree = "<group>"; fileEncoding = 4; lastKnownFileType = sourcecode.c.objc; explicitFileType = undefined; includeInIndex = 0; };
		E9E8AB68369F44AE90CEDF48 /* NativeAudioAsset.m */ = {isa = PBXFileReference; name = "NativeAudioAsset.m"; path = "cordova-plugin-nativeaudio/NativeAudioAsset.m"; sourceTree = "<group>"; fileEncoding = 4; lastKnownFileType = sourcecode.c.objc; explicitFileType = undefined; includeInIndex = 0; };
		DC04DB2DCA5948C8B258D4EE /* NativeAudio.h */ = {isa = PBXFileReference; name = "NativeAudio.h"; path = "cordova-plugin-nativeaudio/NativeAudio.h"; sourceTree = "<group>"; fileEncoding = 4; lastKnownFileType = sourcecode.c.h; explicitFileType = undefined; includeInIndex = 0; };
		0C92D7B3E4FD4720ADF9515E /* NativeAudioAsset.h */ = {isa = PBXFileReference; name = "NativeAudioAsset.h"; path = "cordova-plugin-nativeaudio/NativeAudioAsset.h"; sourceTree = "<group>"; fileEncoding = 4; lastKnownFileType = sourcecode.c.h; explicitFileType = undefined; includeInIndex = 0; };
		5C3F7EFE71804469A6078826 /* CDVLogger.m */ = {isa = PBXFileReference; name = "CDVLogger.m"; path = "org.apache.cordova.console/CDVLogger.m"; sourceTree = "<group>"; fileEncoding = 4; lastKnownFileType = sourcecode.c.objc; explicitFileType = undefined; includeInIndex = 0; };
		47CB941F30BF4C5187C1915F /* CDVLogger.h */ = {isa = PBXFileReference; name = "CDVLogger.h"; path = "org.apache.cordova.console/CDVLogger.h"; sourceTree = "<group>"; fileEncoding = 4; lastKnownFileType = sourcecode.c.h; explicitFileType = undefined; includeInIndex = 0; };
		BA8496B7D0324662ABFFAA81 /* CDVDevice.m */ = {isa = PBXFileReference; name = "CDVDevice.m"; path = "org.apache.cordova.device/CDVDevice.m"; sourceTree = "<group>"; fileEncoding = 4; lastKnownFileType = sourcecode.c.objc; explicitFileType = undefined; includeInIndex = 0; };
		E7F1E33A7EF5472B99704CA1 /* CDVDevice.h */ = {isa = PBXFileReference; name = "CDVDevice.h"; path = "org.apache.cordova.device/CDVDevice.h"; sourceTree = "<group>"; fileEncoding = 4; lastKnownFileType = sourcecode.c.h; explicitFileType = undefined; includeInIndex = 0; };
/* End PBXFileReference section */

/* Begin PBXFrameworksBuildPhase section */
		1D60588F0D05DD3D006BFB54 /* Frameworks */ = {
			isa = PBXFrameworksBuildPhase;
			buildActionMask = 2147483647;
			files = (
				301BF552109A68D80062928A /* libCordova.a in Frameworks */,
				6449299393614E598A5E8178 /* SystemConfiguration.framework in Frameworks */,
				582334BCA67940D6B69A977D /* GoogleMobileAds.framework in Frameworks */,
				151B0D4B6EBF442B88671CAA /* GoogleMobileAds.framework in Frameworks */,
				20341739280640569223E933 /* AdSupport.framework in Frameworks */,
				F14E2F52D1E44C8C82EB6A75 /* AudioToolbox.framework in Frameworks */,
				A6FCE1DAF61D45DB86AA4E31 /* AVFoundation.framework in Frameworks */,
				EFBDD6A08D964177BF3D58E1 /* CoreBluetooth.framework in Frameworks */,
				403B2C002E7A4032A2D07E15 /* CoreMedia.framework in Frameworks */,
				A80CE2F825E4421AAB4C0235 /* CoreMotion.framework in Frameworks */,
				C597224F7CB94BD38079C14D /* CoreTelephony.framework in Frameworks */,
				5C2563D8CA2046159962A418 /* CoreVideo.framework in Frameworks */,
				16AF77344FC148FCA7875935 /* EventKit.framework in Frameworks */,
				2815578DEFBD4210A29E179E /* EventKitUI.framework in Frameworks */,
				2617883973254DF3ACBE482C /* Foundation.framework in Frameworks */,
				1DBC951C8D6B469A9A45C88A /* GLKit.framework in Frameworks */,
				66EF05D044994E70902D6FFC /* MediaPlayer.framework in Frameworks */,
				51E9E47A25514BC5A80F860C /* MessageUI.framework in Frameworks */,
				15BFEF253AA84DE79C03578E /* OpenGLES.framework in Frameworks */,
				9C4EA0EF27CE4BF38EB11DBE /* SafariServices.framework in Frameworks */,
				0869B770823B4A5D9DD28134 /* StoreKit.framework in Frameworks */,
				3C5BAFF1BC5948E4993B315F /* UIKit.framework in Frameworks */,
			);
			runOnlyForDeploymentPostprocessing = 0;
		};
/* End PBXFrameworksBuildPhase section */

/* Begin PBXGroup section */
		080E96DDFE201D6D7F000001 /* Classes */ = {
			isa = PBXGroup;
			children = (
				302D95EE14D2391D003F00A1 /* MainViewController.h */,
				302D95EF14D2391D003F00A1 /* MainViewController.m */,
				302D95F014D2391D003F00A1 /* MainViewController.xib */,
				1D3623240D0F684500981E51 /* AppDelegate.h */,
				1D3623250D0F684500981E51 /* AppDelegate.m */,
			);
			name = Classes;
			path = "Shark Attack/Classes";
			sourceTree = SOURCE_ROOT;
		};
		19C28FACFE9D520D11CA2CBB /* Products */ = {
			isa = PBXGroup;
			children = (
				1D6058910D05DD3D006BFB54 /* Shark Attack.app */,
			);
			name = Products;
			sourceTree = "<group>";
		};
		29B97314FDCFA39411CA2CEA /* CustomTemplate */ = {
			isa = PBXGroup;
			children = (
				EB87FDF41871DAF40020F90C /* config.xml */,
				EB87FDF31871DA8E0020F90C /* www */,
				EB87FDF11871DA420020F90C /* Staging */,
				301BF52D109A57CC0062928A /* CordovaLib.xcodeproj */,
				080E96DDFE201D6D7F000001 /* Classes */,
				307C750510C5A3420062BCA9 /* Plugins */,
				29B97315FDCFA39411CA2CEA /* Other Sources */,
				29B97317FDCFA39411CA2CEA /* Resources */,
				29B97323FDCFA39411CA2CEA /* Frameworks */,
				19C28FACFE9D520D11CA2CBB /* Products */,
			);
			name = CustomTemplate;
			sourceTree = "<group>";
		};
		29B97315FDCFA39411CA2CEA /* Other Sources */ = {
			isa = PBXGroup;
			children = (
				32CA4F630368D1EE00C91783 /* Shark Attack-Prefix.pch */,
				29B97316FDCFA39411CA2CEA /* main.m */,
				ED33DF2A687741AEAF9F8254 /* Bridging-Header.h */,
			);
			name = "Other Sources";
			path = "Shark Attack";
			sourceTree = "<group>";
		};
		29B97317FDCFA39411CA2CEA /* Resources */ = {
			isa = PBXGroup;
			children = (
				0207DA571B56EA530066E2B4 /* Images.xcassets */,
				3047A50E1AB8057F00498E2A /* config */,
				8D1107310486CEB800E47090 /* Shark Attack-Info.plist */,
				6AFF5BF81D6E424B00AB3073 /* CDVLaunchScreen.storyboard */,
			);
			name = Resources;
			path = "Shark Attack/Resources";
			sourceTree = "<group>";
		};
		29B97323FDCFA39411CA2CEA /* Frameworks */ = {
			isa = PBXGroup;
			children = (
				9A700A1C655C415AB26F664F /* SystemConfiguration.framework */,
				03227CB3946E44C0B5BA842B /* GoogleMobileAds.framework */,
				1E4B942DA393448FBE0EA156 /* GoogleMobileAds.framework */,
				8B6493E1D5264180A09EE65A /* AdSupport.framework */,
				57EC2D9249EE4185BE7C8728 /* AudioToolbox.framework */,
				5DB73B610F8E4D8B9DEB45C1 /* AVFoundation.framework */,
				C6500895B8E041639E3EE8AD /* CoreBluetooth.framework */,
				0C22A32AA4AA4CA2A34CE9FD /* CoreMedia.framework */,
				8BAE22100BA04738B34B2EB2 /* CoreMotion.framework */,
				4BE1350F04934459ADC4EA99 /* CoreTelephony.framework */,
				DC96C94EF39D453890DFEEE2 /* CoreVideo.framework */,
				861A13C7C8B8409B9655D0A8 /* EventKit.framework */,
				C3C197D0802E4280A8603D3B /* EventKitUI.framework */,
				DFB72E78017E4774991CE965 /* Foundation.framework */,
				2E8C7BF099C74FBEB2FB7C06 /* GLKit.framework */,
				D3DACC7682FE489289BEB531 /* MediaPlayer.framework */,
				005F79328ABA4FBC8E818BE9 /* MessageUI.framework */,
				9DB9DCDD33184C0299D31A5F /* OpenGLES.framework */,
				703F4A046CF74F49A2A728B0 /* SafariServices.framework */,
				312EF52749AA4905BACD9D69 /* StoreKit.framework */,
				9977779D26D04C15899B67C9 /* UIKit.framework */,
			);
			name = Frameworks;
			sourceTree = "<group>";
		};
		301BF52E109A57CC0062928A /* Products */ = {
			isa = PBXGroup;
			children = (
				301BF535109A57CC0062928A /* libCordova.a */,
			);
			name = Products;
			sourceTree = "<group>";
		};
		3047A50E1AB8057F00498E2A /* config */ = {
			isa = PBXGroup;
			children = (
				3047A50F1AB8059700498E2A /* build-debug.xcconfig */,
				3047A5101AB8059700498E2A /* build-release.xcconfig */,
				3047A5111AB8059700498E2A /* build.xcconfig */,
			);
			name = config;
			sourceTree = "<group>";
		};
		307C750510C5A3420062BCA9 /* Plugins */ = {
			isa = PBXGroup;
			children = (
				E3F438DA8C184876AF7E7F31 /* CDVAppFeelReachability.m */,
				C154828ECEC94EB2A1088A47 /* AppFeelReachability.m */,
				9F3C94D30AA6424F8D0C1409 /* CDVAppFeelReachability.h */,
				E04DDD22599E4962999E4562 /* AppFeelReachability.h */,
				43D8FB6F37154ADDB3247065 /* CDVAdMobAds.m */,
				F18057B149374D2A806F6EAD /* CDVAdMobAdsAdListener.m */,
				08BF95B27953463696974493 /* CDVAdMobAds.h */,
				4AB691ADAB87466FA021CAA1 /* CDVAdMobAdsAdListener.h */,
				3A472A6FF7304BA6A524D503 /* CDVAdMob.m */,
				506266B32C8B408CA34BB5E9 /* CDVAdMob.h */,
				C58C6C984F174791908CF54D /* CDVFile.m */,
				CC8E22FDD5BD4372ABD9CA8F /* CDVLocalFilesystem.m */,
				3BE99EE1C60B45E59065A5CC /* CDVAssetLibraryFilesystem.m */,
				DEAFA6323C054C21A1BFC4A8 /* CDVFile.h */,
				8C24A82F6B764F6983AEDE92 /* CDVLocalFilesystem.h */,
				07190137FE804ECFA5D7BA47 /* CDVAssetLibraryFilesystem.h */,
				4AB5D85C9D954C2EBE035A96 /* CDVSound.m */,
				ABA6B11D08124EBE95128E98 /* CDVSound.h */,
				4E56B3D58B0A43AEB1180A4C /* NativeAudio.m */,
				E9E8AB68369F44AE90CEDF48 /* NativeAudioAsset.m */,
				DC04DB2DCA5948C8B258D4EE /* NativeAudio.h */,
				0C92D7B3E4FD4720ADF9515E /* NativeAudioAsset.h */,
				5C3F7EFE71804469A6078826 /* CDVLogger.m */,
				47CB941F30BF4C5187C1915F /* CDVLogger.h */,
				BA8496B7D0324662ABFFAA81 /* CDVDevice.m */,
				E7F1E33A7EF5472B99704CA1 /* CDVDevice.h */,
			);
			name = Plugins;
			path = "Shark Attack/Plugins";
			sourceTree = SOURCE_ROOT;
		};
		EB87FDF11871DA420020F90C /* Staging */ = {
			isa = PBXGroup;
			children = (
				F840E1F0165FE0F500CFE078 /* config.xml */,
				301BF56E109A69640062928A /* www */,
			);
			name = Staging;
			sourceTree = "<group>";
		};
/* End PBXGroup section */

/* Begin PBXNativeTarget section */
		1D6058900D05DD3D006BFB54 /* Shark Attack */ = {
			isa = PBXNativeTarget;
			buildConfigurationList = 1D6058960D05DD3E006BFB54 /* Build configuration list for PBXNativeTarget "Shark Attack" */;
			buildPhases = (
				304B58A110DAC018002A0835 /* Copy www directory */,
				1D60588D0D05DD3D006BFB54 /* Resources */,
				1D60588E0D05DD3D006BFB54 /* Sources */,
				1D60588F0D05DD3D006BFB54 /* Frameworks */,
			);
			buildRules = (
			);
			dependencies = (
				301BF551109A68C00062928A /* PBXTargetDependency */,
			);
			name = "Shark Attack";
			productName = "Shark Attack";
			productReference = 1D6058910D05DD3D006BFB54 /* Shark Attack.app */;
			productType = "com.apple.product-type.application";
		};
/* End PBXNativeTarget section */

/* Begin PBXProject section */
		29B97313FDCFA39411CA2CEA /* Project object */ = {
			isa = PBXProject;
			attributes = {
				LastUpgradeCheck = 510;
			};
			buildConfigurationList = C01FCF4E08A954540054247B /* Build configuration list for PBXProject "__NON-CLI__" */;
			compatibilityVersion = "Xcode 3.2";
			developmentRegion = English;
			hasScannedForEncodings = 1;
			mainGroup = 29B97314FDCFA39411CA2CEA /* CustomTemplate */;
			projectDirPath = "";
			projectReferences = (
				{
					ProductGroup = 301BF52E109A57CC0062928A /* Products */;
					ProjectRef = 301BF52D109A57CC0062928A /* CordovaLib.xcodeproj */;
				},
			);
			projectRoot = "";
			targets = (
				1D6058900D05DD3D006BFB54 /* Shark Attack */,
			);
		};
/* End PBXProject section */

/* Begin PBXReferenceProxy section */
		301BF535109A57CC0062928A /* libCordova.a */ = {
			isa = PBXReferenceProxy;
			fileType = archive.ar;
			path = libCordova.a;
			remoteRef = 301BF534109A57CC0062928A /* PBXContainerItemProxy */;
			sourceTree = BUILT_PRODUCTS_DIR;
		};
/* End PBXReferenceProxy section */

/* Begin PBXResourcesBuildPhase section */
		1D60588D0D05DD3D006BFB54 /* Resources */ = {
			isa = PBXResourcesBuildPhase;
			buildActionMask = 2147483647;
			files = (
				302D95F214D2391D003F00A1 /* MainViewController.xib in Resources */,
				0207DA581B56EA530066E2B4 /* Images.xcassets in Resources */,
				6AFF5BF91D6E424B00AB3073 /* CDVLaunchScreen.storyboard in Resources */,
			);
			runOnlyForDeploymentPostprocessing = 0;
		};
/* End PBXResourcesBuildPhase section */

/* Begin PBXShellScriptBuildPhase section */
		304B58A110DAC018002A0835 /* Copy www directory */ = {
			isa = PBXShellScriptBuildPhase;
			buildActionMask = 2147483647;
			files = (
			);
			inputPaths = (
			);
			name = "Copy www directory";
			outputPaths = (
			);
			runOnlyForDeploymentPostprocessing = 0;
			shellPath = /bin/sh;
			shellScript = "NODEJS_PATH=/usr/local/bin; NVM_NODE_PATH=~/.nvm/versions/node/`nvm version 2>/dev/null`/bin; N_NODE_PATH=`find /usr/local/n/versions/node/* -maxdepth 0 -type d 2>/dev/null | tail -1`/bin; XCODE_NODE_PATH=`xcode-select --print-path`/usr/share/xcs/Node/bin; PATH=$NODEJS_PATH:$NVM_NODE_PATH:$N_NODE_PATH:$XCODE_NODE_PATH:$PATH && node cordova/lib/copy-www-build-step.js";
			showEnvVarsInLog = 0;
		};
/* End PBXShellScriptBuildPhase section */

/* Begin PBXSourcesBuildPhase section */
		1D60588E0D05DD3D006BFB54 /* Sources */ = {
			isa = PBXSourcesBuildPhase;
			buildActionMask = 2147483647;
			files = (
				1D60589B0D05DD56006BFB54 /* main.m in Sources */,
				1D3623260D0F684500981E51 /* AppDelegate.m in Sources */,
				302D95F114D2391D003F00A1 /* MainViewController.m in Sources */,
				0016AEB97BD6463D8BEB65C0 /* CDVAppFeelReachability.m in Sources */,
				2B0168E4E5BD4E86832130D2 /* AppFeelReachability.m in Sources */,
				3E35B23ADD534342868BF5C0 /* CDVAdMobAds.m in Sources */,
				508253EECC224DDFAF41D84D /* CDVAdMobAdsAdListener.m in Sources */,
				2B2D56C4997A4F698834267B /* CDVAdMob.m in Sources */,
				937CF8DE21644008A28BE463 /* CDVFile.m in Sources */,
				004F7C6C514B40D8B95EB3A9 /* CDVLocalFilesystem.m in Sources */,
				E995C9342D3841C5B74F13F2 /* CDVAssetLibraryFilesystem.m in Sources */,
				255A3A5564F24113829A9C96 /* CDVSound.m in Sources */,
				87BA25E4E154421EB3C79E9C /* NativeAudio.m in Sources */,
				906A56872C01491F8E0D2A9D /* NativeAudioAsset.m in Sources */,
				A35ED3FAB57B490F9465B979 /* CDVLogger.m in Sources */,
				CF262A6B0B5D4A0388E747B8 /* CDVDevice.m in Sources */,
			);
			runOnlyForDeploymentPostprocessing = 0;
		};
/* End PBXSourcesBuildPhase section */

/* Begin PBXTargetDependency section */
		301BF551109A68C00062928A /* PBXTargetDependency */ = {
			isa = PBXTargetDependency;
			name = CordovaLib;
			targetProxy = 301BF550109A68C00062928A /* PBXContainerItemProxy */;
		};
/* End PBXTargetDependency section */

/* Begin XCBuildConfiguration section */
		1D6058940D05DD3E006BFB54 /* Debug */ = {
			isa = XCBuildConfiguration;
			baseConfigurationReference = 3047A50F1AB8059700498E2A /* build-debug.xcconfig */;
			buildSettings = {
				ALWAYS_SEARCH_USER_PATHS = NO;
				ASSETCATALOG_COMPILER_APPICON_NAME = AppIcon;
				ASSETCATALOG_COMPILER_LAUNCHIMAGE_NAME = LaunchImage;
				CLANG_ENABLE_MODULES = YES;
				CLANG_ENABLE_OBJC_ARC = YES;
				COPY_PHASE_STRIP = NO;
				GCC_DYNAMIC_NO_PIC = NO;
				GCC_OPTIMIZATION_LEVEL = 0;
				GCC_PRECOMPILE_PREFIX_HEADER = YES;
				GCC_PREFIX_HEADER = "Shark Attack/Shark Attack-Prefix.pch";
				GCC_THUMB_SUPPORT = NO;
				GCC_VERSION = "";
				INFOPLIST_FILE = "Shark Attack/Shark Attack-Info.plist";
				IPHONEOS_DEPLOYMENT_TARGET = 9.0;
				LD_RUNPATH_SEARCH_PATHS = "@executable_path/Frameworks";
				TARGETED_DEVICE_FAMILY = "1,2";
				PRODUCT_NAME = "Shark Attack";
				FRAMEWORK_SEARCH_PATHS = (
					"$(inherited)",
					"\"Shark Attack/Plugins/cordova-libgoogleadmobads\"",
					"\"Shark Attack/Plugins/cordova-admob-sdklibs\"",
				);
			};
			name = Debug;
		};
		1D6058950D05DD3E006BFB54 /* Release */ = {
			isa = XCBuildConfiguration;
			baseConfigurationReference = 3047A5101AB8059700498E2A /* build-release.xcconfig */;
			buildSettings = {
				ALWAYS_SEARCH_USER_PATHS = NO;
				ASSETCATALOG_COMPILER_APPICON_NAME = AppIcon;
				ASSETCATALOG_COMPILER_LAUNCHIMAGE_NAME = LaunchImage;
				CLANG_ENABLE_MODULES = YES;
				CLANG_ENABLE_OBJC_ARC = YES;
				COPY_PHASE_STRIP = YES;
				GCC_PRECOMPILE_PREFIX_HEADER = YES;
				GCC_PREFIX_HEADER = "Shark Attack/Shark Attack-Prefix.pch";
				GCC_THUMB_SUPPORT = NO;
				GCC_VERSION = "";
				INFOPLIST_FILE = "Shark Attack/Shark Attack-Info.plist";
				IPHONEOS_DEPLOYMENT_TARGET = 9.0;
				LD_RUNPATH_SEARCH_PATHS = "@executable_path/Frameworks";
				TARGETED_DEVICE_FAMILY = "1,2";
				PRODUCT_NAME = "Shark Attack";
				FRAMEWORK_SEARCH_PATHS = (
					"$(inherited)",
					"\"Shark Attack/Plugins/cordova-libgoogleadmobads\"",
					"\"Shark Attack/Plugins/cordova-admob-sdklibs\"",
				);
			};
			name = Release;
		};
		C01FCF4F08A954540054247B /* Debug */ = {
			isa = XCBuildConfiguration;
			baseConfigurationReference = 3047A5111AB8059700498E2A /* build.xcconfig */;
			buildSettings = {
				CLANG_ENABLE_MODULES = YES;
				CLANG_ENABLE_OBJC_ARC = YES;
				CLANG_WARN_BOOL_CONVERSION = YES;
				CLANG_WARN_CONSTANT_CONVERSION = YES;
				CLANG_WARN_EMPTY_BODY = YES;
				CLANG_WARN_ENUM_CONVERSION = YES;
				CLANG_WARN_INT_CONVERSION = YES;
				CLANG_WARN__DUPLICATE_METHOD_MATCH = YES;
				GCC_C_LANGUAGE_STANDARD = c99;
				GCC_THUMB_SUPPORT = NO;
				GCC_VERSION = "";
				GCC_WARN_ABOUT_RETURN_TYPE = YES;
				GCC_WARN_UNDECLARED_SELECTOR = YES;
				GCC_WARN_UNINITIALIZED_AUTOS = YES;
				GCC_WARN_UNUSED_FUNCTION = YES;
				GCC_WARN_UNUSED_VARIABLE = YES;
				ONLY_ACTIVE_ARCH = YES;
				SDKROOT = iphoneos;
				SKIP_INSTALL = NO;
			};
			name = Debug;
		};
		C01FCF5008A954540054247B /* Release */ = {
			isa = XCBuildConfiguration;
			baseConfigurationReference = 3047A5111AB8059700498E2A /* build.xcconfig */;
			buildSettings = {
				CLANG_ENABLE_MODULES = YES;
				CLANG_ENABLE_OBJC_ARC = YES;
				CLANG_WARN_BOOL_CONVERSION = YES;
				CLANG_WARN_CONSTANT_CONVERSION = YES;
				CLANG_WARN_EMPTY_BODY = YES;
				CLANG_WARN_ENUM_CONVERSION = YES;
				CLANG_WARN_INT_CONVERSION = YES;
				CLANG_WARN__DUPLICATE_METHOD_MATCH = YES;
				GCC_C_LANGUAGE_STANDARD = c99;
				GCC_THUMB_SUPPORT = NO;
				GCC_VERSION = "";
				GCC_WARN_ABOUT_RETURN_TYPE = YES;
				GCC_WARN_UNDECLARED_SELECTOR = YES;
				GCC_WARN_UNINITIALIZED_AUTOS = YES;
				GCC_WARN_UNUSED_FUNCTION = YES;
				GCC_WARN_UNUSED_VARIABLE = YES;
				SDKROOT = iphoneos;
				SKIP_INSTALL = NO;
			};
			name = Release;
		};
/* End XCBuildConfiguration section */

/* Begin XCConfigurationList section */
		1D6058960D05DD3E006BFB54 /* Build configuration list for PBXNativeTarget "Shark Attack" */ = {
			isa = XCConfigurationList;
			buildConfigurations = (
				1D6058940D05DD3E006BFB54 /* Debug */,
				1D6058950D05DD3E006BFB54 /* Release */,
			);
			defaultConfigurationIsVisible = 0;
			defaultConfigurationName = Release;
		};
		C01FCF4E08A954540054247B /* Build configuration list for PBXProject "__NON-CLI__" */ = {
			isa = XCConfigurationList;
			buildConfigurations = (
				C01FCF4F08A954540054247B /* Debug */,
				C01FCF5008A954540054247B /* Release */,
			);
			defaultConfigurationIsVisible = 0;
			defaultConfigurationName = Release;
		};
/* End XCConfigurationList section */
	};
	rootObject = 29B97313FDCFA39411CA2CEA /* Project object */;
}
